// !$*UTF8*$!
{
	archiveVersion = 1;
	classes = {
	};
	objectVersion = 56;
	objects = {

/* Begin PBXBuildFile section */
		2B9FF2A929CAC85FA3B182D5 /* Pods_MetalByTutorialsTests.framework in Frameworks */ = {isa = PBXBuildFile; fileRef = 3CB39EA23DAD1DDFD3113E72 /* Pods_MetalByTutorialsTests.framework */; };
		71776BA9EC63D73FCEA2F4DD /* Pods_MetalByTutorials_MetalByTutorialsUITests.framework in Frameworks */ = {isa = PBXBuildFile; fileRef = 7C0DDEE6A9F932A92D6CE8D3 /* Pods_MetalByTutorials_MetalByTutorialsUITests.framework */; };
		8A413BDB29EFC77F00495E07 /* WindowController.m in Sources */ = {isa = PBXBuildFile; fileRef = 8A413BDA29EFC77F00495E07 /* WindowController.m */; };
		8A4DA8E629EE40D20027FD60 /* AppDelegate.m in Sources */ = {isa = PBXBuildFile; fileRef = 8A4DA8E529EE40D20027FD60 /* AppDelegate.m */; };
		8A4DA8E929EE40D20027FD60 /* ViewController.m in Sources */ = {isa = PBXBuildFile; fileRef = 8A4DA8E829EE40D20027FD60 /* ViewController.m */; };
		8A4DA8EB29EE40DC0027FD60 /* Assets.xcassets in Resources */ = {isa = PBXBuildFile; fileRef = 8A4DA8EA29EE40DC0027FD60 /* Assets.xcassets */; };
		8A4DA8EE29EE40DC0027FD60 /* Main.storyboard in Resources */ = {isa = PBXBuildFile; fileRef = 8A4DA8EC29EE40DC0027FD60 /* Main.storyboard */; };
		8A4DA8F029EE40DC0027FD60 /* main.m in Sources */ = {isa = PBXBuildFile; fileRef = 8A4DA8EF29EE40DC0027FD60 /* main.m */; };
		8A4DA8FB29EE40DD0027FD60 /* MetalByTutorialsTests.m in Sources */ = {isa = PBXBuildFile; fileRef = 8A4DA8FA29EE40DD0027FD60 /* MetalByTutorialsTests.m */; };
		8A4DA90529EE40DD0027FD60 /* MetalByTutorialsUITests.m in Sources */ = {isa = PBXBuildFile; fileRef = 8A4DA90429EE40DD0027FD60 /* MetalByTutorialsUITests.m */; };
		8A4DA90729EE40DD0027FD60 /* MetalByTutorialsUITestsLaunchTests.m in Sources */ = {isa = PBXBuildFile; fileRef = 8A4DA90629EE40DD0027FD60 /* MetalByTutorialsUITestsLaunchTests.m */; };
		921B8BC62671E2AFD05C3B20 /* Pods_MetalByTutorials.framework in Frameworks */ = {isa = PBXBuildFile; fileRef = 32CB6CC40DE7B250B4F15E3C /* Pods_MetalByTutorials.framework */; };
/* End PBXBuildFile section */

/* Begin PBXContainerItemProxy section */
		8A4DA8F729EE40DD0027FD60 /* PBXContainerItemProxy */ = {
			isa = PBXContainerItemProxy;
			containerPortal = 8A4DA8D929EE40D10027FD60 /* Project object */;
			proxyType = 1;
			remoteGlobalIDString = 8A4DA8E029EE40D20027FD60;
			remoteInfo = MetalByTutorials;
		};
		8A4DA90129EE40DD0027FD60 /* PBXContainerItemProxy */ = {
			isa = PBXContainerItemProxy;
			containerPortal = 8A4DA8D929EE40D10027FD60 /* Project object */;
			proxyType = 1;
			remoteGlobalIDString = 8A4DA8E029EE40D20027FD60;
			remoteInfo = MetalByTutorials;
		};
/* End PBXContainerItemProxy section */

/* Begin PBXFileReference section */
		026F8E3E7C2C0C1855D43452 /* Pods-MetalByTutorials.release.xcconfig */ = {isa = PBXFileReference; includeInIndex = 1; lastKnownFileType = text.xcconfig; name = "Pods-MetalByTutorials.release.xcconfig"; path = "Target Support Files/Pods-MetalByTutorials/Pods-MetalByTutorials.release.xcconfig"; sourceTree = "<group>"; };
		2DAC733C4BE79531560A7210 /* Pods-MetalByTutorials-MetalByTutorialsUITests.release.xcconfig */ = {isa = PBXFileReference; includeInIndex = 1; lastKnownFileType = text.xcconfig; name = "Pods-MetalByTutorials-MetalByTutorialsUITests.release.xcconfig"; path = "Target Support Files/Pods-MetalByTutorials-MetalByTutorialsUITests/Pods-MetalByTutorials-MetalByTutorialsUITests.release.xcconfig"; sourceTree = "<group>"; };
		32CB6CC40DE7B250B4F15E3C /* Pods_MetalByTutorials.framework */ = {isa = PBXFileReference; explicitFileType = wrapper.framework; includeInIndex = 0; path = Pods_MetalByTutorials.framework; sourceTree = BUILT_PRODUCTS_DIR; };
		3CB39EA23DAD1DDFD3113E72 /* Pods_MetalByTutorialsTests.framework */ = {isa = PBXFileReference; explicitFileType = wrapper.framework; includeInIndex = 0; path = Pods_MetalByTutorialsTests.framework; sourceTree = BUILT_PRODUCTS_DIR; };
		4DF5B7DDE642C77CF169C05E /* Pods-MetalByTutorialsTests.release.xcconfig */ = {isa = PBXFileReference; includeInIndex = 1; lastKnownFileType = text.xcconfig; name = "Pods-MetalByTutorialsTests.release.xcconfig"; path = "Target Support Files/Pods-MetalByTutorialsTests/Pods-MetalByTutorialsTests.release.xcconfig"; sourceTree = "<group>"; };
		4E74E9FBB3793BDBEE09ADCA /* Pods-MetalByTutorials-MetalByTutorialsUITests.debug.xcconfig */ = {isa = PBXFileReference; includeInIndex = 1; lastKnownFileType = text.xcconfig; name = "Pods-MetalByTutorials-MetalByTutorialsUITests.debug.xcconfig"; path = "Target Support Files/Pods-MetalByTutorials-MetalByTutorialsUITests/Pods-MetalByTutorials-MetalByTutorialsUITests.debug.xcconfig"; sourceTree = "<group>"; };
		7C0DDEE6A9F932A92D6CE8D3 /* Pods_MetalByTutorials_MetalByTutorialsUITests.framework */ = {isa = PBXFileReference; explicitFileType = wrapper.framework; includeInIndex = 0; path = Pods_MetalByTutorials_MetalByTutorialsUITests.framework; sourceTree = BUILT_PRODUCTS_DIR; };
		86F261A6344F0367C366D532 /* Pods-MetalByTutorialsTests.debug.xcconfig */ = {isa = PBXFileReference; includeInIndex = 1; lastKnownFileType = text.xcconfig; name = "Pods-MetalByTutorialsTests.debug.xcconfig"; path = "Target Support Files/Pods-MetalByTutorialsTests/Pods-MetalByTutorialsTests.debug.xcconfig"; sourceTree = "<group>"; };
		8A413BD929EFC77F00495E07 /* WindowController.h */ = {isa = PBXFileReference; lastKnownFileType = sourcecode.c.h; path = WindowController.h; sourceTree = "<group>"; };
		8A413BDA29EFC77F00495E07 /* WindowController.m */ = {isa = PBXFileReference; lastKnownFileType = sourcecode.c.objc; path = WindowController.m; sourceTree = "<group>"; };
		8A4DA8E129EE40D20027FD60 /* MetalByTutorials.app */ = {isa = PBXFileReference; explicitFileType = wrapper.application; includeInIndex = 0; path = MetalByTutorials.app; sourceTree = BUILT_PRODUCTS_DIR; };
		8A4DA8E429EE40D20027FD60 /* AppDelegate.h */ = {isa = PBXFileReference; lastKnownFileType = sourcecode.c.h; path = AppDelegate.h; sourceTree = "<group>"; };
		8A4DA8E529EE40D20027FD60 /* AppDelegate.m */ = {isa = PBXFileReference; lastKnownFileType = sourcecode.c.objc; path = AppDelegate.m; sourceTree = "<group>"; };
		8A4DA8E729EE40D20027FD60 /* ViewController.h */ = {isa = PBXFileReference; lastKnownFileType = sourcecode.c.h; path = ViewController.h; sourceTree = "<group>"; };
		8A4DA8E829EE40D20027FD60 /* ViewController.m */ = {isa = PBXFileReference; lastKnownFileType = sourcecode.c.objc; path = ViewController.m; sourceTree = "<group>"; };
		8A4DA8EA29EE40DC0027FD60 /* Assets.xcassets */ = {isa = PBXFileReference; lastKnownFileType = folder.assetcatalog; path = Assets.xcassets; sourceTree = "<group>"; };
		8A4DA8ED29EE40DC0027FD60 /* Base */ = {isa = PBXFileReference; lastKnownFileType = file.storyboard; name = Base; path = Base.lproj/Main.storyboard; sourceTree = "<group>"; };
		8A4DA8EF29EE40DC0027FD60 /* main.m */ = {isa = PBXFileReference; lastKnownFileType = sourcecode.c.objc; path = main.m; sourceTree = "<group>"; };
		8A4DA8F129EE40DC0027FD60 /* MetalByTutorials.entitlements */ = {isa = PBXFileReference; lastKnownFileType = text.plist.entitlements; path = MetalByTutorials.entitlements; sourceTree = "<group>"; };
		8A4DA8F629EE40DD0027FD60 /* MetalByTutorialsTests.xctest */ = {isa = PBXFileReference; explicitFileType = wrapper.cfbundle; includeInIndex = 0; path = MetalByTutorialsTests.xctest; sourceTree = BUILT_PRODUCTS_DIR; };
		8A4DA8FA29EE40DD0027FD60 /* MetalByTutorialsTests.m */ = {isa = PBXFileReference; lastKnownFileType = sourcecode.c.objc; path = MetalByTutorialsTests.m; sourceTree = "<group>"; };
		8A4DA90029EE40DD0027FD60 /* MetalByTutorialsUITests.xctest */ = {isa = PBXFileReference; explicitFileType = wrapper.cfbundle; includeInIndex = 0; path = MetalByTutorialsUITests.xctest; sourceTree = BUILT_PRODUCTS_DIR; };
		8A4DA90429EE40DD0027FD60 /* MetalByTutorialsUITests.m */ = {isa = PBXFileReference; lastKnownFileType = sourcecode.c.objc; path = MetalByTutorialsUITests.m; sourceTree = "<group>"; };
		8A4DA90629EE40DD0027FD60 /* MetalByTutorialsUITestsLaunchTests.m */ = {isa = PBXFileReference; lastKnownFileType = sourcecode.c.objc; path = MetalByTutorialsUITestsLaunchTests.m; sourceTree = "<group>"; };
		96923474221F7451BEF6CE1E /* Pods-MetalByTutorials.debug.xcconfig */ = {isa = PBXFileReference; includeInIndex = 1; lastKnownFileType = text.xcconfig; name = "Pods-MetalByTutorials.debug.xcconfig"; path = "Target Support Files/Pods-MetalByTutorials/Pods-MetalByTutorials.debug.xcconfig"; sourceTree = "<group>"; };
/* End PBXFileReference section */

/* Begin PBXFrameworksBuildPhase section */
		8A4DA8DE29EE40D20027FD60 /* Frameworks */ = {
			isa = PBXFrameworksBuildPhase;
			buildActionMask = 2147483647;
			files = (
				921B8BC62671E2AFD05C3B20 /* Pods_MetalByTutorials.framework in Frameworks */,
			);
			runOnlyForDeploymentPostprocessing = 0;
		};
		8A4DA8F329EE40DD0027FD60 /* Frameworks */ = {
			isa = PBXFrameworksBuildPhase;
			buildActionMask = 2147483647;
			files = (
				2B9FF2A929CAC85FA3B182D5 /* Pods_MetalByTutorialsTests.framework in Frameworks */,
			);
			runOnlyForDeploymentPostprocessing = 0;
		};
		8A4DA8FD29EE40DD0027FD60 /* Frameworks */ = {
			isa = PBXFrameworksBuildPhase;
			buildActionMask = 2147483647;
			files = (
				71776BA9EC63D73FCEA2F4DD /* Pods_MetalByTutorials_MetalByTutorialsUITests.framework in Frameworks */,
			);
			runOnlyForDeploymentPostprocessing = 0;
		};
/* End PBXFrameworksBuildPhase section */

/* Begin PBXGroup section */
		8A4DA8D829EE40D10027FD60 = {
			isa = PBXGroup;
			children = (
				8A4DA8E329EE40D20027FD60 /* MetalByTutorials */,
				8A4DA8F929EE40DD0027FD60 /* MetalByTutorialsTests */,
				8A4DA90329EE40DD0027FD60 /* MetalByTutorialsUITests */,
				8A4DA8E229EE40D20027FD60 /* Products */,
				91976A3B522E4FB06D2537E7 /* Pods */,
				D5EA8657CEA73E9C19EB9647 /* Frameworks */,
			);
			sourceTree = "<group>";
		};
		8A4DA8E229EE40D20027FD60 /* Products */ = {
			isa = PBXGroup;
			children = (
				8A4DA8E129EE40D20027FD60 /* MetalByTutorials.app */,
				8A4DA8F629EE40DD0027FD60 /* MetalByTutorialsTests.xctest */,
				8A4DA90029EE40DD0027FD60 /* MetalByTutorialsUITests.xctest */,
			);
			name = Products;
			sourceTree = "<group>";
		};
		8A4DA8E329EE40D20027FD60 /* MetalByTutorials */ = {
			isa = PBXGroup;
			children = (
				8A4DA8E429EE40D20027FD60 /* AppDelegate.h */,
				8A4DA8E529EE40D20027FD60 /* AppDelegate.m */,
				8A413BD929EFC77F00495E07 /* WindowController.h */,
				8A413BDA29EFC77F00495E07 /* WindowController.m */,
				8A4DA8E729EE40D20027FD60 /* ViewController.h */,
				8A4DA8E829EE40D20027FD60 /* ViewController.m */,
				8A4DA8EA29EE40DC0027FD60 /* Assets.xcassets */,
				8A4DA8EC29EE40DC0027FD60 /* Main.storyboard */,
				8A4DA8EF29EE40DC0027FD60 /* main.m */,
				8A4DA8F129EE40DC0027FD60 /* MetalByTutorials.entitlements */,
			);
			path = MetalByTutorials;
			sourceTree = "<group>";
		};
		8A4DA8F929EE40DD0027FD60 /* MetalByTutorialsTests */ = {
			isa = PBXGroup;
			children = (
				8A4DA8FA29EE40DD0027FD60 /* MetalByTutorialsTests.m */,
			);
			path = MetalByTutorialsTests;
			sourceTree = "<group>";
		};
		8A4DA90329EE40DD0027FD60 /* MetalByTutorialsUITests */ = {
			isa = PBXGroup;
			children = (
				8A4DA90429EE40DD0027FD60 /* MetalByTutorialsUITests.m */,
				8A4DA90629EE40DD0027FD60 /* MetalByTutorialsUITestsLaunchTests.m */,
			);
			path = MetalByTutorialsUITests;
			sourceTree = "<group>";
		};
		91976A3B522E4FB06D2537E7 /* Pods */ = {
			isa = PBXGroup;
			children = (
				96923474221F7451BEF6CE1E /* Pods-MetalByTutorials.debug.xcconfig */,
				026F8E3E7C2C0C1855D43452 /* Pods-MetalByTutorials.release.xcconfig */,
				4E74E9FBB3793BDBEE09ADCA /* Pods-MetalByTutorials-MetalByTutorialsUITests.debug.xcconfig */,
				2DAC733C4BE79531560A7210 /* Pods-MetalByTutorials-MetalByTutorialsUITests.release.xcconfig */,
				86F261A6344F0367C366D532 /* Pods-MetalByTutorialsTests.debug.xcconfig */,
				4DF5B7DDE642C77CF169C05E /* Pods-MetalByTutorialsTests.release.xcconfig */,
			);
			path = Pods;
			sourceTree = "<group>";
		};
		D5EA8657CEA73E9C19EB9647 /* Frameworks */ = {
			isa = PBXGroup;
			children = (
				32CB6CC40DE7B250B4F15E3C /* Pods_MetalByTutorials.framework */,
				7C0DDEE6A9F932A92D6CE8D3 /* Pods_MetalByTutorials_MetalByTutorialsUITests.framework */,
				3CB39EA23DAD1DDFD3113E72 /* Pods_MetalByTutorialsTests.framework */,
			);
			name = Frameworks;
			sourceTree = "<group>";
		};
/* End PBXGroup section */

/* Begin PBXNativeTarget section */
		8A4DA8E029EE40D20027FD60 /* MetalByTutorials */ = {
			isa = PBXNativeTarget;
			buildConfigurationList = 8A4DA90A29EE40DD0027FD60 /* Build configuration list for PBXNativeTarget "MetalByTutorials" */;
			buildPhases = (
				A1A5975F900838ED505D778B /* [CP] Check Pods Manifest.lock */,
				8A4DA8DD29EE40D20027FD60 /* Sources */,
				8A4DA8DE29EE40D20027FD60 /* Frameworks */,
				8A4DA8DF29EE40D20027FD60 /* Resources */,
				D9EF54124CF27E566E8E4B2E /* [CP] Embed Pods Frameworks */,
			);
			buildRules = (
			);
			dependencies = (
			);
			name = MetalByTutorials;
			productName = MetalByTutorials;
			productReference = 8A4DA8E129EE40D20027FD60 /* MetalByTutorials.app */;
			productType = "com.apple.product-type.application";
		};
		8A4DA8F529EE40DD0027FD60 /* MetalByTutorialsTests */ = {
			isa = PBXNativeTarget;
			buildConfigurationList = 8A4DA90D29EE40DD0027FD60 /* Build configuration list for PBXNativeTarget "MetalByTutorialsTests" */;
			buildPhases = (
				2AE33F7565867076CD62A43D /* [CP] Check Pods Manifest.lock */,
				8A4DA8F229EE40DD0027FD60 /* Sources */,
				8A4DA8F329EE40DD0027FD60 /* Frameworks */,
				8A4DA8F429EE40DD0027FD60 /* Resources */,
			);
			buildRules = (
			);
			dependencies = (
				8A4DA8F829EE40DD0027FD60 /* PBXTargetDependency */,
			);
			name = MetalByTutorialsTests;
			productName = MetalByTutorialsTests;
			productReference = 8A4DA8F629EE40DD0027FD60 /* MetalByTutorialsTests.xctest */;
			productType = "com.apple.product-type.bundle.unit-test";
		};
		8A4DA8FF29EE40DD0027FD60 /* MetalByTutorialsUITests */ = {
			isa = PBXNativeTarget;
			buildConfigurationList = 8A4DA91029EE40DD0027FD60 /* Build configuration list for PBXNativeTarget "MetalByTutorialsUITests" */;
			buildPhases = (
				D8D0F5BDFFC5EB924C70A753 /* [CP] Check Pods Manifest.lock */,
				8A4DA8FC29EE40DD0027FD60 /* Sources */,
				8A4DA8FD29EE40DD0027FD60 /* Frameworks */,
				8A4DA8FE29EE40DD0027FD60 /* Resources */,
				EE1EEA3AA1A6FEF48302FF7B /* [CP] Embed Pods Frameworks */,
			);
			buildRules = (
			);
			dependencies = (
				8A4DA90229EE40DD0027FD60 /* PBXTargetDependency */,
			);
			name = MetalByTutorialsUITests;
			productName = MetalByTutorialsUITests;
			productReference = 8A4DA90029EE40DD0027FD60 /* MetalByTutorialsUITests.xctest */;
			productType = "com.apple.product-type.bundle.ui-testing";
		};
/* End PBXNativeTarget section */

/* Begin PBXProject section */
		8A4DA8D929EE40D10027FD60 /* Project object */ = {
			isa = PBXProject;
			attributes = {
				BuildIndependentTargetsInParallel = 1;
				LastUpgradeCheck = 1410;
				TargetAttributes = {
					8A4DA8E029EE40D20027FD60 = {
						CreatedOnToolsVersion = 14.1;
					};
					8A4DA8F529EE40DD0027FD60 = {
						CreatedOnToolsVersion = 14.1;
						TestTargetID = 8A4DA8E029EE40D20027FD60;
					};
					8A4DA8FF29EE40DD0027FD60 = {
						CreatedOnToolsVersion = 14.1;
						TestTargetID = 8A4DA8E029EE40D20027FD60;
					};
				};
			};
			buildConfigurationList = 8A4DA8DC29EE40D10027FD60 /* Build configuration list for PBXProject "MetalByTutorials" */;
			compatibilityVersion = "Xcode 14.0";
			developmentRegion = en;
			hasScannedForEncodings = 0;
			knownRegions = (
				en,
				Base,
			);
			mainGroup = 8A4DA8D829EE40D10027FD60;
			productRefGroup = 8A4DA8E229EE40D20027FD60 /* Products */;
			projectDirPath = "";
			projectRoot = "";
			targets = (
				8A4DA8E029EE40D20027FD60 /* MetalByTutorials */,
				8A4DA8F529EE40DD0027FD60 /* MetalByTutorialsTests */,
				8A4DA8FF29EE40DD0027FD60 /* MetalByTutorialsUITests */,
			);
		};
/* End PBXProject section */

/* Begin PBXResourcesBuildPhase section */
		8A4DA8DF29EE40D20027FD60 /* Resources */ = {
			isa = PBXResourcesBuildPhase;
			buildActionMask = 2147483647;
			files = (
				8A4DA8EB29EE40DC0027FD60 /* Assets.xcassets in Resources */,
				8A4DA8EE29EE40DC0027FD60 /* Main.storyboard in Resources */,
			);
			runOnlyForDeploymentPostprocessing = 0;
		};
		8A4DA8F429EE40DD0027FD60 /* Resources */ = {
			isa = PBXResourcesBuildPhase;
			buildActionMask = 2147483647;
			files = (
			);
			runOnlyForDeploymentPostprocessing = 0;
		};
		8A4DA8FE29EE40DD0027FD60 /* Resources */ = {
			isa = PBXResourcesBuildPhase;
			buildActionMask = 2147483647;
			files = (
			);
			runOnlyForDeploymentPostprocessing = 0;
		};
/* End PBXResourcesBuildPhase section */

/* Begin PBXShellScriptBuildPhase section */
		2AE33F7565867076CD62A43D /* [CP] Check Pods Manifest.lock */ = {
			isa = PBXShellScriptBuildPhase;
			buildActionMask = 2147483647;
			files = (
			);
			inputFileListPaths = (
			);
			inputPaths = (
				"${PODS_PODFILE_DIR_PATH}/Podfile.lock",
				"${PODS_ROOT}/Manifest.lock",
			);
			name = "[CP] Check Pods Manifest.lock";
			outputFileListPaths = (
			);
			outputPaths = (
				"$(DERIVED_FILE_DIR)/Pods-MetalByTutorialsTests-checkManifestLockResult.txt",
			);
			runOnlyForDeploymentPostprocessing = 0;
			shellPath = /bin/sh;
			shellScript = "diff \"${PODS_PODFILE_DIR_PATH}/Podfile.lock\" \"${PODS_ROOT}/Manifest.lock\" > /dev/null\nif [ $? != 0 ] ; then\n    # print error to STDERR\n    echo \"error: The sandbox is not in sync with the Podfile.lock. Run 'pod install' or update your CocoaPods installation.\" >&2\n    exit 1\nfi\n# This output is used by Xcode 'outputs' to avoid re-running this script phase.\necho \"SUCCESS\" > \"${SCRIPT_OUTPUT_FILE_0}\"\n";
			showEnvVarsInLog = 0;
		};
		A1A5975F900838ED505D778B /* [CP] Check Pods Manifest.lock */ = {
			isa = PBXShellScriptBuildPhase;
			buildActionMask = 2147483647;
			files = (
			);
			inputFileListPaths = (
			);
			inputPaths = (
				"${PODS_PODFILE_DIR_PATH}/Podfile.lock",
				"${PODS_ROOT}/Manifest.lock",
			);
			name = "[CP] Check Pods Manifest.lock";
			outputFileListPaths = (
			);
			outputPaths = (
				"$(DERIVED_FILE_DIR)/Pods-MetalByTutorials-checkManifestLockResult.txt",
			);
			runOnlyForDeploymentPostprocessing = 0;
			shellPath = /bin/sh;
			shellScript = "diff \"${PODS_PODFILE_DIR_PATH}/Podfile.lock\" \"${PODS_ROOT}/Manifest.lock\" > /dev/null\nif [ $? != 0 ] ; then\n    # print error to STDERR\n    echo \"error: The sandbox is not in sync with the Podfile.lock. Run 'pod install' or update your CocoaPods installation.\" >&2\n    exit 1\nfi\n# This output is used by Xcode 'outputs' to avoid re-running this script phase.\necho \"SUCCESS\" > \"${SCRIPT_OUTPUT_FILE_0}\"\n";
			showEnvVarsInLog = 0;
		};
		D8D0F5BDFFC5EB924C70A753 /* [CP] Check Pods Manifest.lock */ = {
			isa = PBXShellScriptBuildPhase;
			buildActionMask = 2147483647;
			files = (
			);
			inputFileListPaths = (
			);
			inputPaths = (
				"${PODS_PODFILE_DIR_PATH}/Podfile.lock",
				"${PODS_ROOT}/Manifest.lock",
			);
			name = "[CP] Check Pods Manifest.lock";
			outputFileListPaths = (
			);
			outputPaths = (
				"$(DERIVED_FILE_DIR)/Pods-MetalByTutorials-MetalByTutorialsUITests-checkManifestLockResult.txt",
			);
			runOnlyForDeploymentPostprocessing = 0;
			shellPath = /bin/sh;
			shellScript = "diff \"${PODS_PODFILE_DIR_PATH}/Podfile.lock\" \"${PODS_ROOT}/Manifest.lock\" > /dev/null\nif [ $? != 0 ] ; then\n    # print error to STDERR\n    echo \"error: The sandbox is not in sync with the Podfile.lock. Run 'pod install' or update your CocoaPods installation.\" >&2\n    exit 1\nfi\n# This output is used by Xcode 'outputs' to avoid re-running this script phase.\necho \"SUCCESS\" > \"${SCRIPT_OUTPUT_FILE_0}\"\n";
			showEnvVarsInLog = 0;
		};
		D9EF54124CF27E566E8E4B2E /* [CP] Embed Pods Frameworks */ = {
			isa = PBXShellScriptBuildPhase;
			buildActionMask = 2147483647;
			files = (
			);
			inputFileListPaths = (
				"${PODS_ROOT}/Target Support Files/Pods-MetalByTutorials/Pods-MetalByTutorials-frameworks-${CONFIGURATION}-input-files.xcfilelist",
			);
			name = "[CP] Embed Pods Frameworks";
			outputFileListPaths = (
				"${PODS_ROOT}/Target Support Files/Pods-MetalByTutorials/Pods-MetalByTutorials-frameworks-${CONFIGURATION}-output-files.xcfilelist",
			);
			runOnlyForDeploymentPostprocessing = 0;
			shellPath = /bin/sh;
			shellScript = "\"${PODS_ROOT}/Target Support Files/Pods-MetalByTutorials/Pods-MetalByTutorials-frameworks.sh\"\n";
			showEnvVarsInLog = 0;
		};
		EE1EEA3AA1A6FEF48302FF7B /* [CP] Embed Pods Frameworks */ = {
			isa = PBXShellScriptBuildPhase;
			buildActionMask = 2147483647;
			files = (
			);
			inputFileListPaths = (
				"${PODS_ROOT}/Target Support Files/Pods-MetalByTutorials-MetalByTutorialsUITests/Pods-MetalByTutorials-MetalByTutorialsUITests-frameworks-${CONFIGURATION}-input-files.xcfilelist",
			);
			name = "[CP] Embed Pods Frameworks";
			outputFileListPaths = (
				"${PODS_ROOT}/Target Support Files/Pods-MetalByTutorials-MetalByTutorialsUITests/Pods-MetalByTutorials-MetalByTutorialsUITests-frameworks-${CONFIGURATION}-output-files.xcfilelist",
			);
			runOnlyForDeploymentPostprocessing = 0;
			shellPath = /bin/sh;
			shellScript = "\"${PODS_ROOT}/Target Support Files/Pods-MetalByTutorials-MetalByTutorialsUITests/Pods-MetalByTutorials-MetalByTutorialsUITests-frameworks.sh\"\n";
			showEnvVarsInLog = 0;
		};
/* End PBXShellScriptBuildPhase section */

/* Begin PBXSourcesBuildPhase section */
		8A4DA8DD29EE40D20027FD60 /* Sources */ = {
			isa = PBXSourcesBuildPhase;
			buildActionMask = 2147483647;
			files = (
				8A4DA8E929EE40D20027FD60 /* ViewController.m in Sources */,
				8A413BDB29EFC77F00495E07 /* WindowController.m in Sources */,
				8A4DA8F029EE40DC0027FD60 /* main.m in Sources */,
				8A4DA8E629EE40D20027FD60 /* AppDelegate.m in Sources */,
			);
			runOnlyForDeploymentPostprocessing = 0;
		};
		8A4DA8F229EE40DD0027FD60 /* Sources */ = {
			isa = PBXSourcesBuildPhase;
			buildActionMask = 2147483647;
			files = (
				8A4DA8FB29EE40DD0027FD60 /* MetalByTutorialsTests.m in Sources */,
			);
			runOnlyForDeploymentPostprocessing = 0;
		};
		8A4DA8FC29EE40DD0027FD60 /* Sources */ = {
			isa = PBXSourcesBuildPhase;
			buildActionMask = 2147483647;
			files = (
				8A4DA90529EE40DD0027FD60 /* MetalByTutorialsUITests.m in Sources */,
				8A4DA90729EE40DD0027FD60 /* MetalByTutorialsUITestsLaunchTests.m in Sources */,
			);
			runOnlyForDeploymentPostprocessing = 0;
		};
/* End PBXSourcesBuildPhase section */

/* Begin PBXTargetDependency section */
		8A4DA8F829EE40DD0027FD60 /* PBXTargetDependency */ = {
			isa = PBXTargetDependency;
			target = 8A4DA8E029EE40D20027FD60 /* MetalByTutorials */;
			targetProxy = 8A4DA8F729EE40DD0027FD60 /* PBXContainerItemProxy */;
		};
		8A4DA90229EE40DD0027FD60 /* PBXTargetDependency */ = {
			isa = PBXTargetDependency;
			target = 8A4DA8E029EE40D20027FD60 /* MetalByTutorials */;
			targetProxy = 8A4DA90129EE40DD0027FD60 /* PBXContainerItemProxy */;
		};
/* End PBXTargetDependency section */

/* Begin PBXVariantGroup section */
		8A4DA8EC29EE40DC0027FD60 /* Main.storyboard */ = {
			isa = PBXVariantGroup;
			children = (
				8A4DA8ED29EE40DC0027FD60 /* Base */,
			);
			name = Main.storyboard;
			sourceTree = "<group>";
		};
/* End PBXVariantGroup section */

/* Begin XCBuildConfiguration section */
		8A4DA90829EE40DD0027FD60 /* Debug */ = {
			isa = XCBuildConfiguration;
			buildSettings = {
				ALWAYS_SEARCH_USER_PATHS = NO;
				CLANG_ANALYZER_NONNULL = YES;
				CLANG_ANALYZER_NUMBER_OBJECT_CONVERSION = YES_AGGRESSIVE;
				CLANG_CXX_LANGUAGE_STANDARD = "gnu++20";
				CLANG_ENABLE_MODULES = YES;
				CLANG_ENABLE_OBJC_ARC = YES;
				CLANG_ENABLE_OBJC_WEAK = YES;
				CLANG_WARN_BLOCK_CAPTURE_AUTORELEASING = YES;
				CLANG_WARN_BOOL_CONVERSION = YES;
				CLANG_WARN_COMMA = YES;
				CLANG_WARN_CONSTANT_CONVERSION = YES;
				CLANG_WARN_DEPRECATED_OBJC_IMPLEMENTATIONS = YES;
				CLANG_WARN_DIRECT_OBJC_ISA_USAGE = YES_ERROR;
				CLANG_WARN_DOCUMENTATION_COMMENTS = YES;
				CLANG_WARN_EMPTY_BODY = YES;
				CLANG_WARN_ENUM_CONVERSION = YES;
				CLANG_WARN_INFINITE_RECURSION = YES;
				CLANG_WARN_INT_CONVERSION = YES;
				CLANG_WARN_NON_LITERAL_NULL_CONVERSION = YES;
				CLANG_WARN_OBJC_IMPLICIT_RETAIN_SELF = YES;
				CLANG_WARN_OBJC_LITERAL_CONVERSION = YES;
				CLANG_WARN_OBJC_ROOT_CLASS = YES_ERROR;
				CLANG_WARN_QUOTED_INCLUDE_IN_FRAMEWORK_HEADER = YES;
				CLANG_WARN_RANGE_LOOP_ANALYSIS = YES;
				CLANG_WARN_STRICT_PROTOTYPES = YES;
				CLANG_WARN_SUSPICIOUS_MOVE = YES;
				CLANG_WARN_UNGUARDED_AVAILABILITY = YES_AGGRESSIVE;
				CLANG_WARN_UNREACHABLE_CODE = YES;
				CLANG_WARN__DUPLICATE_METHOD_MATCH = YES;
				COPY_PHASE_STRIP = NO;
				DEBUG_INFORMATION_FORMAT = dwarf;
				ENABLE_STRICT_OBJC_MSGSEND = YES;
				ENABLE_TESTABILITY = YES;
				GCC_C_LANGUAGE_STANDARD = gnu11;
				GCC_DYNAMIC_NO_PIC = NO;
				GCC_NO_COMMON_BLOCKS = YES;
				GCC_OPTIMIZATION_LEVEL = 0;
				GCC_PREPROCESSOR_DEFINITIONS = (
					"DEBUG=1",
					"$(inherited)",
				);
				GCC_WARN_64_TO_32_BIT_CONVERSION = YES;
				GCC_WARN_ABOUT_RETURN_TYPE = YES_ERROR;
				GCC_WARN_UNDECLARED_SELECTOR = YES;
				GCC_WARN_UNINITIALIZED_AUTOS = YES_AGGRESSIVE;
				GCC_WARN_UNUSED_FUNCTION = YES;
				GCC_WARN_UNUSED_VARIABLE = YES;
				MACOSX_DEPLOYMENT_TARGET = 13.0;
				MTL_ENABLE_DEBUG_INFO = INCLUDE_SOURCE;
				MTL_FAST_MATH = YES;
				ONLY_ACTIVE_ARCH = YES;
				SDKROOT = macosx;
			};
			name = Debug;
		};
		8A4DA90929EE40DD0027FD60 /* Release */ = {
			isa = XCBuildConfiguration;
			buildSettings = {
				ALWAYS_SEARCH_USER_PATHS = NO;
				CLANG_ANALYZER_NONNULL = YES;
				CLANG_ANALYZER_NUMBER_OBJECT_CONVERSION = YES_AGGRESSIVE;
				CLANG_CXX_LANGUAGE_STANDARD = "gnu++20";
				CLANG_ENABLE_MODULES = YES;
				CLANG_ENABLE_OBJC_ARC = YES;
				CLANG_ENABLE_OBJC_WEAK = YES;
				CLANG_WARN_BLOCK_CAPTURE_AUTORELEASING = YES;
				CLANG_WARN_BOOL_CONVERSION = YES;
				CLANG_WARN_COMMA = YES;
				CLANG_WARN_CONSTANT_CONVERSION = YES;
				CLANG_WARN_DEPRECATED_OBJC_IMPLEMENTATIONS = YES;
				CLANG_WARN_DIRECT_OBJC_ISA_USAGE = YES_ERROR;
				CLANG_WARN_DOCUMENTATION_COMMENTS = YES;
				CLANG_WARN_EMPTY_BODY = YES;
				CLANG_WARN_ENUM_CONVERSION = YES;
				CLANG_WARN_INFINITE_RECURSION = YES;
				CLANG_WARN_INT_CONVERSION = YES;
				CLANG_WARN_NON_LITERAL_NULL_CONVERSION = YES;
				CLANG_WARN_OBJC_IMPLICIT_RETAIN_SELF = YES;
				CLANG_WARN_OBJC_LITERAL_CONVERSION = YES;
				CLANG_WARN_OBJC_ROOT_CLASS = YES_ERROR;
				CLANG_WARN_QUOTED_INCLUDE_IN_FRAMEWORK_HEADER = YES;
				CLANG_WARN_RANGE_LOOP_ANALYSIS = YES;
				CLANG_WARN_STRICT_PROTOTYPES = YES;
				CLANG_WARN_SUSPICIOUS_MOVE = YES;
				CLANG_WARN_UNGUARDED_AVAILABILITY = YES_AGGRESSIVE;
				CLANG_WARN_UNREACHABLE_CODE = YES;
				CLANG_WARN__DUPLICATE_METHOD_MATCH = YES;
				COPY_PHASE_STRIP = NO;
				DEBUG_INFORMATION_FORMAT = "dwarf-with-dsym";
				ENABLE_NS_ASSERTIONS = NO;
				ENABLE_STRICT_OBJC_MSGSEND = YES;
				GCC_C_LANGUAGE_STANDARD = gnu11;
				GCC_NO_COMMON_BLOCKS = YES;
				GCC_WARN_64_TO_32_BIT_CONVERSION = YES;
				GCC_WARN_ABOUT_RETURN_TYPE = YES_ERROR;
				GCC_WARN_UNDECLARED_SELECTOR = YES;
				GCC_WARN_UNINITIALIZED_AUTOS = YES_AGGRESSIVE;
				GCC_WARN_UNUSED_FUNCTION = YES;
				GCC_WARN_UNUSED_VARIABLE = YES;
				MACOSX_DEPLOYMENT_TARGET = 13.0;
				MTL_ENABLE_DEBUG_INFO = NO;
				MTL_FAST_MATH = YES;
				SDKROOT = macosx;
			};
			name = Release;
		};
		8A4DA90B29EE40DD0027FD60 /* Debug */ = {
			isa = XCBuildConfiguration;
			baseConfigurationReference = 96923474221F7451BEF6CE1E /* Pods-MetalByTutorials.debug.xcconfig */;
			buildSettings = {
				ASSETCATALOG_COMPILER_APPICON_NAME = AppIcon;
				ASSETCATALOG_COMPILER_GLOBAL_ACCENT_COLOR_NAME = AccentColor;
				CODE_SIGN_ENTITLEMENTS = MetalByTutorials/MetalByTutorials.entitlements;
				CODE_SIGN_STYLE = Automatic;
				COMBINE_HIDPI_IMAGES = YES;
				CURRENT_PROJECT_VERSION = 1;
				DEVELOPMENT_TEAM = UG4W2B7XPD;
				ENABLE_HARDENED_RUNTIME = YES;
				GENERATE_INFOPLIST_FILE = YES;
				INFOPLIST_KEY_NSHumanReadableCopyright = "";
				INFOPLIST_KEY_NSMainStoryboardFile = Main;
				INFOPLIST_KEY_NSPrincipalClass = NSApplication;
				LD_RUNPATH_SEARCH_PATHS = (
					"$(inherited)",
					"@executable_path/../Frameworks",
				);
				MARKETING_VERSION = 1.0;
				PRODUCT_BUNDLE_IDENTIFIER = com.metal.xia.MetalByTutorials;
				PRODUCT_NAME = "$(TARGET_NAME)";
				SWIFT_EMIT_LOC_STRINGS = YES;
			};
			name = Debug;
		};
		8A4DA90C29EE40DD0027FD60 /* Release */ = {
			isa = XCBuildConfiguration;
			baseConfigurationReference = 026F8E3E7C2C0C1855D43452 /* Pods-MetalByTutorials.release.xcconfig */;
			buildSettings = {
				ASSETCATALOG_COMPILER_APPICON_NAME = AppIcon;
				ASSETCATALOG_COMPILER_GLOBAL_ACCENT_COLOR_NAME = AccentColor;
				CODE_SIGN_ENTITLEMENTS = MetalByTutorials/MetalByTutorials.entitlements;
				CODE_SIGN_STYLE = Automatic;
				COMBINE_HIDPI_IMAGES = YES;
				CURRENT_PROJECT_VERSION = 1;
				DEVELOPMENT_TEAM = UG4W2B7XPD;
				ENABLE_HARDENED_RUNTIME = YES;
				GENERATE_INFOPLIST_FILE = YES;
				INFOPLIST_KEY_NSHumanReadableCopyright = "";
				INFOPLIST_KEY_NSMainStoryboardFile = Main;
				INFOPLIST_KEY_NSPrincipalClass = NSApplication;
				LD_RUNPATH_SEARCH_PATHS = (
					"$(inherited)",
					"@executable_path/../Frameworks",
				);
				MARKETING_VERSION = 1.0;
				PRODUCT_BUNDLE_IDENTIFIER = com.metal.xia.MetalByTutorials;
				PRODUCT_NAME = "$(TARGET_NAME)";
				SWIFT_EMIT_LOC_STRINGS = YES;
			};
			name = Release;
		};
		8A4DA90E29EE40DD0027FD60 /* Debug */ = {
			isa = XCBuildConfiguration;
			baseConfigurationReference = 86F261A6344F0367C366D532 /* Pods-MetalByTutorialsTests.debug.xcconfig */;
			buildSettings = {
				BUNDLE_LOADER = "$(TEST_HOST)";
				CODE_SIGN_STYLE = Automatic;
				CURRENT_PROJECT_VERSION = 1;
				DEVELOPMENT_TEAM = UG4W2B7XPD;
				GENERATE_INFOPLIST_FILE = YES;
				MACOSX_DEPLOYMENT_TARGET = 13.0;
				MARKETING_VERSION = 1.0;
				PRODUCT_BUNDLE_IDENTIFIER = com.metal.xia.MetalByTutorialsTests;
				PRODUCT_NAME = "$(TARGET_NAME)";
				SWIFT_EMIT_LOC_STRINGS = NO;
				TEST_HOST = "$(BUILT_PRODUCTS_DIR)/MetalByTutorials.app/$(BUNDLE_EXECUTABLE_FOLDER_PATH)/MetalByTutorials";
			};
			name = Debug;
		};
		8A4DA90F29EE40DD0027FD60 /* Release */ = {
			isa = XCBuildConfiguration;
			baseConfigurationReference = 4DF5B7DDE642C77CF169C05E /* Pods-MetalByTutorialsTests.release.xcconfig */;
			buildSettings = {
				BUNDLE_LOADER = "$(TEST_HOST)";
				CODE_SIGN_STYLE = Automatic;
				CURRENT_PROJECT_VERSION = 1;
				DEVELOPMENT_TEAM = UG4W2B7XPD;
				GENERATE_INFOPLIST_FILE = YES;
				MACOSX_DEPLOYMENT_TARGET = 13.0;
				MARKETING_VERSION = 1.0;
				PRODUCT_BUNDLE_IDENTIFIER = com.metal.xia.MetalByTutorialsTests;
				PRODUCT_NAME = "$(TARGET_NAME)";
				SWIFT_EMIT_LOC_STRINGS = NO;
				TEST_HOST = "$(BUILT_PRODUCTS_DIR)/MetalByTutorials.app/$(BUNDLE_EXECUTABLE_FOLDER_PATH)/MetalByTutorials";
			};
			name = Release;
		};
		8A4DA91129EE40DD0027FD60 /* Debug */ = {
			isa = XCBuildConfiguration;
			baseConfigurationReference = 4E74E9FBB3793BDBEE09ADCA /* Pods-MetalByTutorials-MetalByTutorialsUITests.debug.xcconfig */;
			buildSettings = {
				CODE_SIGN_STYLE = Automatic;
				CURRENT_PROJECT_VERSION = 1;
				DEVELOPMENT_TEAM = UG4W2B7XPD;
				GENERATE_INFOPLIST_FILE = YES;
				MARKETING_VERSION = 1.0;
				PRODUCT_BUNDLE_IDENTIFIER = com.metal.xia.MetalByTutorialsUITests;
				PRODUCT_NAME = "$(TARGET_NAME)";
				SWIFT_EMIT_LOC_STRINGS = NO;
				TEST_TARGET_NAME = MetalByTutorials;
			};
			name = Debug;
		};
		8A4DA91229EE40DD0027FD60 /* Release */ = {
			isa = XCBuildConfiguration;
			baseConfigurationReference = 2DAC733C4BE79531560A7210 /* Pods-MetalByTutorials-MetalByTutorialsUITests.release.xcconfig */;
			buildSettings = {
				CODE_SIGN_STYLE = Automatic;
				CURRENT_PROJECT_VERSION = 1;
				DEVELOPMENT_TEAM = UG4W2B7XPD;
				GENERATE_INFOPLIST_FILE = YES;
				MARKETING_VERSION = 1.0;
				PRODUCT_BUNDLE_IDENTIFIER = com.metal.xia.MetalByTutorialsUITests;
				PRODUCT_NAME = "$(TARGET_NAME)";
				SWIFT_EMIT_LOC_STRINGS = NO;
				TEST_TARGET_NAME = MetalByTutorials;
			};
			name = Release;
		};
/* End XCBuildConfiguration section */

/* Begin XCConfigurationList section */
		8A4DA8DC29EE40D10027FD60 /* Build configuration list for PBXProject "MetalByTutorials" */ = {
			isa = XCConfigurationList;
			buildConfigurations = (
				8A4DA90829EE40DD0027FD60 /* Debug */,
				8A4DA90929EE40DD0027FD60 /* Release */,
			);
			defaultConfigurationIsVisible = 0;
			defaultConfigurationName = Release;
		};
		8A4DA90A29EE40DD0027FD60 /* Build configuration list for PBXNativeTarget "MetalByTutorials" */ = {
			isa = XCConfigurationList;
			buildConfigurations = (
				8A4DA90B29EE40DD0027FD60 /* Debug */,
				8A4DA90C29EE40DD0027FD60 /* Release */,
			);
			defaultConfigurationIsVisible = 0;
			defaultConfigurationName = Release;
		};
		8A4DA90D29EE40DD0027FD60 /* Build configuration list for PBXNativeTarget "MetalByTutorialsTests" */ = {
			isa = XCConfigurationList;
			buildConfigurations = (
				8A4DA90E29EE40DD0027FD60 /* Debug */,
				8A4DA90F29EE40DD0027FD60 /* Release */,
			);
			defaultConfigurationIsVisible = 0;
			defaultConfigurationName = Release;
		};
		8A4DA91029EE40DD0027FD60 /* Build configuration list for PBXNativeTarget "MetalByTutorialsUITests" */ = {
			isa = XCConfigurationList;
			buildConfigurations = (
				8A4DA91129EE40DD0027FD60 /* Debug */,
				8A4DA91229EE40DD0027FD60 /* Release */,
			);
			defaultConfigurationIsVisible = 0;
			defaultConfigurationName = Release;
		};
/* End XCConfigurationList section */
	};
	rootObject = 8A4DA8D929EE40D10027FD60 /* Project object */;
}
